# This file is automatically @generated by Cargo.
# It is not intended for manual editing.
version = 4

[[package]]
name = "api"
version = "0.1.0"

[[package]]
name = "cli"
version = "0.1.0"

[[package]]
name = "dsl_lexer"
version = "0.1.0"

[[package]]
name = "dsl_parser"
version = "0.1.0"

[[package]]
name = "integration_tests"
version = "0.1.0"
dependencies = [
 "api",
 "cli",
 "dsl_lexer",
 "dsl_parser",
 "polygon_orm",
 "rust_parser",
 "solana_orm",
 "solidity_parser",
]

[[package]]
name = "polygon_orm"
version = "0.1.0"

[[package]]
name = "rust_parser"
version = "0.1.0"

[[package]]
name = "scripts"
version = "0.1.0"

[[package]]
name = "solana_orm"
version = "0.1.0"

[[package]]
name = "solidity_parser"
version = "0.1.0"
